
Microsoft Visual Studio Solution File, Format Version 11.00
# Visual Studio 2010
Project("{FAE04EC0-301F-11D3-BF4B-00C04F79EFBC}") = "SamplesWeb", "SamplesWeb\SamplesWeb.csproj", "{28A017F3-28C9-4C0F-BD7F-160DC4D1EB44}"
EndProject
Global
	GlobalSection(SolutionConfigurationPlatforms) = preSolution
		Debug|Any CPU = Debug|Any CPU
		Release|Any CPU = Release|Any CPU
	EndGlobalSection
	GlobalSection(ProjectConfigurationPlatforms) = postSolution
		{28A017F3-28C9-4C0F-BD7F-160DC4D1EB44}.Debug|Any CPU.ActiveCfg = Debug|Any CPU
		{28A017F3-28C9-4C0F-BD7F-160DC4D1EB44}.Debug|Any CPU.Build.0 = Debug|Any CPU
		{28A017F3-28C9-4C0F-BD7F-160DC4D1EB44}.Release|Any CPU.ActiveCfg = Release|Any CPU
		{28A017F3-28C9-4C0F-BD7F-160DC4D1EB44}.Release|Any CPU.Build.0 = Release|Any CPU
	EndGlobalSection
	GlobalSection(SolutionProperties) = preSolution
		HideSolutionNode = FALSE
	EndGlobalSection
EndGlobal
