
Microsoft Visual Studio Solution File, Format Version 10.00
# Visual Studio 2008
Project("{FAE04EC0-301F-11D3-BF4B-00C04F79EFBC}") = "Maestro", "Maestro.csproj", "{E0C36475-2B70-4F6D-ACE0-8943167806DC}"
EndProject
Project("{FAE04EC0-301F-11D3-BF4B-00C04F79EFBC}") = "ICSharpCode.Core", "..\Thirdparty\SharpDevelop\ICSharpCode.Core\ICSharpCode.Core.csproj", "{35CEF10F-2D4C-45F2-9DD1-161E0FEC583C}"
EndProject
Project("{FAE04EC0-301F-11D3-BF4B-00C04F79EFBC}") = "ICSharpCode.Core.WinForms", "..\Thirdparty\SharpDevelop\ICSharpCode.Core.WinForms\ICSharpCode.Core.WinForms.csproj", "{857CA1A3-FC88-4BE0-AB6A-D1EE772AB288}"
EndProject
Project("{FAE04EC0-301F-11D3-BF4B-00C04F79EFBC}") = "Maestro.Base", "..\Maestro.Base\Maestro.Base.csproj", "{F1E2F468-5030-4DBA-968C-9620284AFAA1}"
	ProjectSection(ProjectDependencies) = postProject
		{CFD19053-2172-41D3-8460-0FD2123A1E88} = {CFD19053-2172-41D3-8460-0FD2123A1E88}
	EndProjectSection
EndProject
Project("{FAE04EC0-301F-11D3-BF4B-00C04F79EFBC}") = "MaestroFsPreview", "..\MaestroFsPreview\MaestroFsPreview.csproj", "{59BE5E18-17B6-431D-836E-C0AABA6D69E8}"
	ProjectSection(ProjectDependencies) = postProject
		{07588440-5F9F-4C30-AA06-9CF30BA6DDE6} = {07588440-5F9F-4C30-AA06-9CF30BA6DDE6}
		{5AD2CDBA-952E-4148-98A1-31D2E0D540D5} = {5AD2CDBA-952E-4148-98A1-31D2E0D540D5}
	EndProjectSection
EndProject
Project("{FAE04EC0-301F-11D3-BF4B-00C04F79EFBC}") = "Maestro.AddIn.ExtendedObjectModels", "..\Maestro.AddIn.ExtendedObjectModels\Maestro.AddIn.ExtendedObjectModels.csproj", "{32BA7DF6-1AFA-441D-9231-5624C5920706}"
	ProjectSection(ProjectDependencies) = postProject
		{B3A2B816-9F41-4857-A111-09D2DF2550D6} = {B3A2B816-9F41-4857-A111-09D2DF2550D6}
		{D525B343-66D6-4D6B-9A55-78A173D94A51} = {D525B343-66D6-4D6B-9A55-78A173D94A51}
		{CFD19053-2172-41D3-8460-0FD2123A1E88} = {CFD19053-2172-41D3-8460-0FD2123A1E88}
		{80FA3158-8B5F-48D1-A393-0378AFE48A7E} = {80FA3158-8B5F-48D1-A393-0378AFE48A7E}
		{BF6E996E-27AF-44CD-B3CF-A40874E15B2E} = {BF6E996E-27AF-44CD-B3CF-A40874E15B2E}
		{EDDB0F74-6FE7-4969-80B0-817A629722CD} = {EDDB0F74-6FE7-4969-80B0-817A629722CD}
		{B5EA049C-6AB7-4686-A2F4-4BA2EAC0E585} = {B5EA049C-6AB7-4686-A2F4-4BA2EAC0E585}
		{B2A1F69E-52AA-42A2-8DED-89ADB9B14A38} = {B2A1F69E-52AA-42A2-8DED-89ADB9B14A38}
		{0A93ACA8-5B21-44E6-B0B7-5D1E72D3A6A2} = {0A93ACA8-5B21-44E6-B0B7-5D1E72D3A6A2}
		{5AD2CDBA-952E-4148-98A1-31D2E0D540D5} = {5AD2CDBA-952E-4148-98A1-31D2E0D540D5}
		{AC5068F6-CFBE-4BCD-B68B-062725E424D4} = {AC5068F6-CFBE-4BCD-B68B-062725E424D4}
	EndProjectSection
EndProject
Project("{FAE04EC0-301F-11D3-BF4B-00C04F79EFBC}") = "MgCooker", "..\MgCooker\MgCooker.csproj", "{C7DCF771-5982-4859-A17F-01126E6F9BA6}"
	ProjectSection(ProjectDependencies) = postProject
		{07588440-5F9F-4C30-AA06-9CF30BA6DDE6} = {07588440-5F9F-4C30-AA06-9CF30BA6DDE6}
		{80FA3158-8B5F-48D1-A393-0378AFE48A7E} = {80FA3158-8B5F-48D1-A393-0378AFE48A7E}
	EndProjectSection
EndProject
Project("{FAE04EC0-301F-11D3-BF4B-00C04F79EFBC}") = "MgCooker.Cmd", "..\MgCooker.Cmd\MgCooker.Cmd.csproj", "{0FD82B7B-1264-410F-86D1-47E9CCACD68E}"
EndProject
Project("{FAE04EC0-301F-11D3-BF4B-00C04F79EFBC}") = "Maestro.Editors", "..\Maestro.Editors\Maestro.Editors.csproj", "{5AD2CDBA-952E-4148-98A1-31D2E0D540D5}"
EndProject
Project("{FAE04EC0-301F-11D3-BF4B-00C04F79EFBC}") = "Maestro.Login", "..\Maestro.Login\Maestro.Login.csproj", "{07588440-5F9F-4C30-AA06-9CF30BA6DDE6}"
EndProject
Project("{FAE04EC0-301F-11D3-BF4B-00C04F79EFBC}") = "Maestro.Packaging", "..\Maestro.Packaging\Maestro.Packaging.csproj", "{0EA33E36-9C33-4D60-B378-B87FADAA0F40}"
EndProject
Project("{FAE04EC0-301F-11D3-BF4B-00C04F79EFBC}") = "Maestro.Shared.UI", "..\Maestro.Shared.UI\Maestro.Shared.UI.csproj", "{CFD19053-2172-41D3-8460-0FD2123A1E88}"
EndProject
Project("{FAE04EC0-301F-11D3-BF4B-00C04F79EFBC}") = "OSGeo.MapGuide.MaestroAPI", "..\OSGeo.MapGuide.MaestroAPI\OSGeo.MapGuide.MaestroAPI.csproj", "{80FA3158-8B5F-48D1-A393-0378AFE48A7E}"
EndProject
Project("{FAE04EC0-301F-11D3-BF4B-00C04F79EFBC}") = "OSGeo.MapGuide.MaestroAPI.Http", "..\OSGeo.MapGuide.MaestroAPI.Http\OSGeo.MapGuide.MaestroAPI.Http.csproj", "{6EF1E775-444B-4E5F-87FB-D687C43A68D7}"
EndProject
Project("{FAE04EC0-301F-11D3-BF4B-00C04F79EFBC}") = "OSGeo.MapGuide.ObjectModels.LayerDefinition-1.1.0", "..\ExtendedModels\LayerDefinition-1.1.0\OSGeo.MapGuide.ObjectModels.LayerDefinition-1.1.0.csproj", "{B5EA049C-6AB7-4686-A2F4-4BA2EAC0E585}"
EndProject
Project("{FAE04EC0-301F-11D3-BF4B-00C04F79EFBC}") = "OSGeo.MapGuide.ObjectModels.LayerDefinition-1.2.0", "..\ExtendedModels\LayerDefinition-1.2.0\OSGeo.MapGuide.ObjectModels.LayerDefinition-1.2.0.csproj", "{EDDB0F74-6FE7-4969-80B0-817A629722CD}"
EndProject
Project("{FAE04EC0-301F-11D3-BF4B-00C04F79EFBC}") = "OSGeo.MapGuide.ObjectModels.LayerDefinition-1.3.0", "..\ExtendedModels\LayerDefinition-1.3.0\OSGeo.MapGuide.ObjectModels.LayerDefinition-1.3.0.csproj", "{AC5068F6-CFBE-4BCD-B68B-062725E424D4}"
EndProject
Project("{FAE04EC0-301F-11D3-BF4B-00C04F79EFBC}") = "OSGeo.MapGuide.ObjectModels.LoadProcedure-1.1.0", "..\ExtendedModels\LoadProcedure-1.1.0\OSGeo.MapGuide.ObjectModels.LoadProcedure-1.1.0.csproj", "{B2A1F69E-52AA-42A2-8DED-89ADB9B14A38}"
EndProject
Project("{FAE04EC0-301F-11D3-BF4B-00C04F79EFBC}") = "OSGeo.MapGuide.ObjectModels.LoadProcedure-2.2.0", "..\ExtendedModels\LoadProcedure-2.2.0\OSGeo.MapGuide.ObjectModels.LoadProcedure-2.2.0.csproj", "{D525B343-66D6-4D6B-9A55-78A173D94A51}"
EndProject
Project("{FAE04EC0-301F-11D3-BF4B-00C04F79EFBC}") = "OSGeo.MapGuide.ObjectModels.SymbolDefinition-1.1.0", "..\ExtendedModels\SymbolDefinition-1.1.0\OSGeo.MapGuide.ObjectModels.SymbolDefinition-1.1.0.csproj", "{BF6E996E-27AF-44CD-B3CF-A40874E15B2E}"
EndProject
Project("{FAE04EC0-301F-11D3-BF4B-00C04F79EFBC}") = "OSGeo.MapGuide.ObjectModels.WebLayout-1.1.0", "..\ExtendedModels\WebLayout-1.1.0\OSGeo.MapGuide.ObjectModels.WebLayout-1.1.0.csproj", "{0A93ACA8-5B21-44E6-B0B7-5D1E72D3A6A2}"
EndProject
Project("{FAE04EC0-301F-11D3-BF4B-00C04F79EFBC}") = "Aga.Controls", "..\Thirdparty\TreeViewAdv\Aga.Controls\Aga.Controls.csproj", "{E73BB233-D88B-44A7-A98F-D71EE158381D}"
EndProject
Project("{FAE04EC0-301F-11D3-BF4B-00C04F79EFBC}") = "MaestroAPITests", "..\MaestroAPITests\MaestroAPITests.csproj", "{351D49A3-2E4A-4EC3-AFC2-D56598F44F51}"
EndProject
Project("{FAE04EC0-301F-11D3-BF4B-00C04F79EFBC}") = "MaestroAPITestRunner", "..\MaestroAPITestRunner\MaestroAPITestRunner.csproj", "{50C12B5C-387C-4007-A1D1-CB181CB474CC}"
EndProject
Project("{FAE04EC0-301F-11D3-BF4B-00C04F79EFBC}") = "OSGeo.MapGuide.ObjectModels.LayerDefinition-2.3.0", "..\ExtendedModels\LayerDefinition-2.3.0\OSGeo.MapGuide.ObjectModels.LayerDefinition-2.3.0.csproj", "{F976A709-D9DB-407E-A4CD-2CEA31C6B1D9}"
EndProject
Project("{FAE04EC0-301F-11D3-BF4B-00C04F79EFBC}") = "OSGeo.MapGuide.ObjectModels.MapDefinition-2.3.0", "..\ExtendedModels\MapDefinition-2.3.0\OSGeo.MapGuide.ObjectModels.MapDefinition-2.3.0.csproj", "{C8DB3E77-3AF4-471D-A214-69DBEB32750E}"
EndProject
Project("{FAE04EC0-301F-11D3-BF4B-00C04F79EFBC}") = "OSGeo.MapGuide.ObjectModels.WatermarkDefinition-2.3.0", "..\ExtendedModels\WatermarkDefinition-2.3.0\OSGeo.MapGuide.ObjectModels.WatermarkDefinition-2.3.0.csproj", "{F84E21EE-360C-46EC-BD01-E66F8D9F5B3E}"
EndProject
Project("{FAE04EC0-301F-11D3-BF4B-00C04F79EFBC}") = "OSGeo.MapGuide.ExtendedObjectModels", "..\OSGeo.MapGuide.ExtendedObjectModels\OSGeo.MapGuide.ExtendedObjectModels.csproj", "{B3A2B816-9F41-4857-A111-09D2DF2550D6}"
EndProject
Project("{FAE04EC0-301F-11D3-BF4B-00C04F79EFBC}") = "OSGeo.MapGuide.ObjectModels.WebLayout-2.4.0", "..\ExtendedModels\WebLayout-2.4.0\OSGeo.MapGuide.ObjectModels.WebLayout-2.4.0.csproj", "{BEC17FD3-2ADB-4154-934D-494313C588EE}"
EndProject
Project("{FAE04EC0-301F-11D3-BF4B-00C04F79EFBC}") = "OSGeo.MapGuide.ObjectModels.LayerDefinition-2.4.0", "..\ExtendedModels\LayerDefinition-2.4.0\OSGeo.MapGuide.ObjectModels.LayerDefinition-2.4.0.csproj", "{16E6B250-C805-4C31-9A7D-F56A0051EC93}"
EndProject
Project("{FAE04EC0-301F-11D3-BF4B-00C04F79EFBC}") = "OSGeo.MapGuide.ObjectModels.MapDefinition-2.4.0", "..\ExtendedModels\MapDefinition-2.4.0\OSGeo.MapGuide.ObjectModels.MapDefinition-2.4.0.csproj", "{C0CA5D05-72C0-4F22-8618-B31BF0FFA190}"
EndProject
Project("{FAE04EC0-301F-11D3-BF4B-00C04F79EFBC}") = "OSGeo.MapGuide.ObjectModels.SymbolDefinition-2.4.0", "..\ExtendedModels\SymbolDefinition-2.4.0\OSGeo.MapGuide.ObjectModels.SymbolDefinition-2.4.0.csproj", "{222CB020-5336-47D7-9BB9-A22D18953C80}"
EndProject
Project("{FAE04EC0-301F-11D3-BF4B-00C04F79EFBC}") = "OSGeo.MapGuide.ObjectModels.WatermarkDefinition-2.4.0", "..\ExtendedModels\WatermarkDefinition-2.4.0\OSGeo.MapGuide.ObjectModels.WatermarkDefinition-2.4.0.csproj", "{E367FE8E-E46F-4DA0-86CE-E6F37E78DEE0}"
EndProject
Global
	GlobalSection(SolutionConfigurationPlatforms) = preSolution
		Debug|Any CPU = Debug|Any CPU
		Release|Any CPU = Release|Any CPU
	EndGlobalSection
	GlobalSection(ProjectConfigurationPlatforms) = postSolution
		{E0C36475-2B70-4F6D-ACE0-8943167806DC}.Debug|Any CPU.ActiveCfg = Debug|Any CPU
		{E0C36475-2B70-4F6D-ACE0-8943167806DC}.Debug|Any CPU.Build.0 = Debug|Any CPU
		{E0C36475-2B70-4F6D-ACE0-8943167806DC}.Release|Any CPU.ActiveCfg = Release|Any CPU
		{E0C36475-2B70-4F6D-ACE0-8943167806DC}.Release|Any CPU.Build.0 = Release|Any CPU
		{35CEF10F-2D4C-45F2-9DD1-161E0FEC583C}.Debug|Any CPU.ActiveCfg = Debug|Any CPU
		{35CEF10F-2D4C-45F2-9DD1-161E0FEC583C}.Debug|Any CPU.Build.0 = Debug|Any CPU
		{35CEF10F-2D4C-45F2-9DD1-161E0FEC583C}.Release|Any CPU.ActiveCfg = Release|Any CPU
		{35CEF10F-2D4C-45F2-9DD1-161E0FEC583C}.Release|Any CPU.Build.0 = Release|Any CPU
		{857CA1A3-FC88-4BE0-AB6A-D1EE772AB288}.Debug|Any CPU.ActiveCfg = Debug|Any CPU
		{857CA1A3-FC88-4BE0-AB6A-D1EE772AB288}.Debug|Any CPU.Build.0 = Debug|Any CPU
		{857CA1A3-FC88-4BE0-AB6A-D1EE772AB288}.Release|Any CPU.ActiveCfg = Release|Any CPU
		{857CA1A3-FC88-4BE0-AB6A-D1EE772AB288}.Release|Any CPU.Build.0 = Release|Any CPU
		{F1E2F468-5030-4DBA-968C-9620284AFAA1}.Debug|Any CPU.ActiveCfg = Debug|Any CPU
		{F1E2F468-5030-4DBA-968C-9620284AFAA1}.Debug|Any CPU.Build.0 = Debug|Any CPU
		{F1E2F468-5030-4DBA-968C-9620284AFAA1}.Release|Any CPU.ActiveCfg = Release|Any CPU
		{F1E2F468-5030-4DBA-968C-9620284AFAA1}.Release|Any CPU.Build.0 = Release|Any CPU
		{59BE5E18-17B6-431D-836E-C0AABA6D69E8}.Debug|Any CPU.ActiveCfg = Debug|Any CPU
		{59BE5E18-17B6-431D-836E-C0AABA6D69E8}.Debug|Any CPU.Build.0 = Debug|Any CPU
		{59BE5E18-17B6-431D-836E-C0AABA6D69E8}.Release|Any CPU.ActiveCfg = Release|Any CPU
		{59BE5E18-17B6-431D-836E-C0AABA6D69E8}.Release|Any CPU.Build.0 = Release|Any CPU
		{32BA7DF6-1AFA-441D-9231-5624C5920706}.Debug|Any CPU.ActiveCfg = Debug|Any CPU
		{32BA7DF6-1AFA-441D-9231-5624C5920706}.Debug|Any CPU.Build.0 = Debug|Any CPU
		{32BA7DF6-1AFA-441D-9231-5624C5920706}.Release|Any CPU.ActiveCfg = Release|Any CPU
		{32BA7DF6-1AFA-441D-9231-5624C5920706}.Release|Any CPU.Build.0 = Release|Any CPU
		{C7DCF771-5982-4859-A17F-01126E6F9BA6}.Debug|Any CPU.ActiveCfg = Debug|Any CPU
		{C7DCF771-5982-4859-A17F-01126E6F9BA6}.Debug|Any CPU.Build.0 = Debug|Any CPU
		{C7DCF771-5982-4859-A17F-01126E6F9BA6}.Release|Any CPU.ActiveCfg = Release|Any CPU
		{C7DCF771-5982-4859-A17F-01126E6F9BA6}.Release|Any CPU.Build.0 = Release|Any CPU
		{0FD82B7B-1264-410F-86D1-47E9CCACD68E}.Debug|Any CPU.ActiveCfg = Debug|Any CPU
		{0FD82B7B-1264-410F-86D1-47E9CCACD68E}.Debug|Any CPU.Build.0 = Debug|Any CPU
		{0FD82B7B-1264-410F-86D1-47E9CCACD68E}.Release|Any CPU.ActiveCfg = Release|Any CPU
		{0FD82B7B-1264-410F-86D1-47E9CCACD68E}.Release|Any CPU.Build.0 = Release|Any CPU
		{5AD2CDBA-952E-4148-98A1-31D2E0D540D5}.Debug|Any CPU.ActiveCfg = Debug|Any CPU
		{5AD2CDBA-952E-4148-98A1-31D2E0D540D5}.Debug|Any CPU.Build.0 = Debug|Any CPU
		{5AD2CDBA-952E-4148-98A1-31D2E0D540D5}.Release|Any CPU.ActiveCfg = Release|Any CPU
		{5AD2CDBA-952E-4148-98A1-31D2E0D540D5}.Release|Any CPU.Build.0 = Release|Any CPU
		{07588440-5F9F-4C30-AA06-9CF30BA6DDE6}.Debug|Any CPU.ActiveCfg = Debug|Any CPU
		{07588440-5F9F-4C30-AA06-9CF30BA6DDE6}.Debug|Any CPU.Build.0 = Debug|Any CPU
		{07588440-5F9F-4C30-AA06-9CF30BA6DDE6}.Release|Any CPU.ActiveCfg = Release|Any CPU
		{07588440-5F9F-4C30-AA06-9CF30BA6DDE6}.Release|Any CPU.Build.0 = Release|Any CPU
		{0EA33E36-9C33-4D60-B378-B87FADAA0F40}.Debug|Any CPU.ActiveCfg = Debug|Any CPU
		{0EA33E36-9C33-4D60-B378-B87FADAA0F40}.Debug|Any CPU.Build.0 = Debug|Any CPU
		{0EA33E36-9C33-4D60-B378-B87FADAA0F40}.Release|Any CPU.ActiveCfg = Release|Any CPU
		{0EA33E36-9C33-4D60-B378-B87FADAA0F40}.Release|Any CPU.Build.0 = Release|Any CPU
		{CFD19053-2172-41D3-8460-0FD2123A1E88}.Debug|Any CPU.ActiveCfg = Debug|Any CPU
		{CFD19053-2172-41D3-8460-0FD2123A1E88}.Debug|Any CPU.Build.0 = Debug|Any CPU
		{CFD19053-2172-41D3-8460-0FD2123A1E88}.Release|Any CPU.ActiveCfg = Release|Any CPU
		{CFD19053-2172-41D3-8460-0FD2123A1E88}.Release|Any CPU.Build.0 = Release|Any CPU
		{80FA3158-8B5F-48D1-A393-0378AFE48A7E}.Debug|Any CPU.ActiveCfg = Debug|Any CPU
		{80FA3158-8B5F-48D1-A393-0378AFE48A7E}.Debug|Any CPU.Build.0 = Debug|Any CPU
		{80FA3158-8B5F-48D1-A393-0378AFE48A7E}.Release|Any CPU.ActiveCfg = Release|Any CPU
		{80FA3158-8B5F-48D1-A393-0378AFE48A7E}.Release|Any CPU.Build.0 = Release|Any CPU
		{6EF1E775-444B-4E5F-87FB-D687C43A68D7}.Debug|Any CPU.ActiveCfg = Debug|Any CPU
		{6EF1E775-444B-4E5F-87FB-D687C43A68D7}.Debug|Any CPU.Build.0 = Debug|Any CPU
		{6EF1E775-444B-4E5F-87FB-D687C43A68D7}.Release|Any CPU.ActiveCfg = Release|Any CPU
		{6EF1E775-444B-4E5F-87FB-D687C43A68D7}.Release|Any CPU.Build.0 = Release|Any CPU
		{B5EA049C-6AB7-4686-A2F4-4BA2EAC0E585}.Debug|Any CPU.ActiveCfg = Debug|Any CPU
		{B5EA049C-6AB7-4686-A2F4-4BA2EAC0E585}.Debug|Any CPU.Build.0 = Debug|Any CPU
		{B5EA049C-6AB7-4686-A2F4-4BA2EAC0E585}.Release|Any CPU.ActiveCfg = Release|Any CPU
		{B5EA049C-6AB7-4686-A2F4-4BA2EAC0E585}.Release|Any CPU.Build.0 = Release|Any CPU
		{EDDB0F74-6FE7-4969-80B0-817A629722CD}.Debug|Any CPU.ActiveCfg = Debug|Any CPU
		{EDDB0F74-6FE7-4969-80B0-817A629722CD}.Debug|Any CPU.Build.0 = Debug|Any CPU
		{EDDB0F74-6FE7-4969-80B0-817A629722CD}.Release|Any CPU.ActiveCfg = Release|Any CPU
		{EDDB0F74-6FE7-4969-80B0-817A629722CD}.Release|Any CPU.Build.0 = Release|Any CPU
		{AC5068F6-CFBE-4BCD-B68B-062725E424D4}.Debug|Any CPU.ActiveCfg = Debug|Any CPU
		{AC5068F6-CFBE-4BCD-B68B-062725E424D4}.Debug|Any CPU.Build.0 = Debug|Any CPU
		{AC5068F6-CFBE-4BCD-B68B-062725E424D4}.Release|Any CPU.ActiveCfg = Release|Any CPU
		{AC5068F6-CFBE-4BCD-B68B-062725E424D4}.Release|Any CPU.Build.0 = Release|Any CPU
		{B2A1F69E-52AA-42A2-8DED-89ADB9B14A38}.Debug|Any CPU.ActiveCfg = Debug|Any CPU
		{B2A1F69E-52AA-42A2-8DED-89ADB9B14A38}.Debug|Any CPU.Build.0 = Debug|Any CPU
		{B2A1F69E-52AA-42A2-8DED-89ADB9B14A38}.Release|Any CPU.ActiveCfg = Release|Any CPU
		{B2A1F69E-52AA-42A2-8DED-89ADB9B14A38}.Release|Any CPU.Build.0 = Release|Any CPU
		{D525B343-66D6-4D6B-9A55-78A173D94A51}.Debug|Any CPU.ActiveCfg = Debug|Any CPU
		{D525B343-66D6-4D6B-9A55-78A173D94A51}.Debug|Any CPU.Build.0 = Debug|Any CPU
		{D525B343-66D6-4D6B-9A55-78A173D94A51}.Release|Any CPU.ActiveCfg = Release|Any CPU
		{D525B343-66D6-4D6B-9A55-78A173D94A51}.Release|Any CPU.Build.0 = Release|Any CPU
		{BF6E996E-27AF-44CD-B3CF-A40874E15B2E}.Debug|Any CPU.ActiveCfg = Debug|Any CPU
		{BF6E996E-27AF-44CD-B3CF-A40874E15B2E}.Debug|Any CPU.Build.0 = Debug|Any CPU
		{BF6E996E-27AF-44CD-B3CF-A40874E15B2E}.Release|Any CPU.ActiveCfg = Release|Any CPU
		{BF6E996E-27AF-44CD-B3CF-A40874E15B2E}.Release|Any CPU.Build.0 = Release|Any CPU
		{0A93ACA8-5B21-44E6-B0B7-5D1E72D3A6A2}.Debug|Any CPU.ActiveCfg = Debug|Any CPU
		{0A93ACA8-5B21-44E6-B0B7-5D1E72D3A6A2}.Debug|Any CPU.Build.0 = Debug|Any CPU
		{0A93ACA8-5B21-44E6-B0B7-5D1E72D3A6A2}.Release|Any CPU.ActiveCfg = Release|Any CPU
		{0A93ACA8-5B21-44E6-B0B7-5D1E72D3A6A2}.Release|Any CPU.Build.0 = Release|Any CPU
		{E73BB233-D88B-44A7-A98F-D71EE158381D}.Debug|Any CPU.ActiveCfg = Debug|Any CPU
		{E73BB233-D88B-44A7-A98F-D71EE158381D}.Debug|Any CPU.Build.0 = Debug|Any CPU
		{E73BB233-D88B-44A7-A98F-D71EE158381D}.Release|Any CPU.ActiveCfg = Release|Any CPU
		{E73BB233-D88B-44A7-A98F-D71EE158381D}.Release|Any CPU.Build.0 = Release|Any CPU
		{351D49A3-2E4A-4EC3-AFC2-D56598F44F51}.Debug|Any CPU.ActiveCfg = Debug|Any CPU
		{351D49A3-2E4A-4EC3-AFC2-D56598F44F51}.Debug|Any CPU.Build.0 = Debug|Any CPU
		{351D49A3-2E4A-4EC3-AFC2-D56598F44F51}.Release|Any CPU.ActiveCfg = Release|Any CPU
		{351D49A3-2E4A-4EC3-AFC2-D56598F44F51}.Release|Any CPU.Build.0 = Release|Any CPU
		{50C12B5C-387C-4007-A1D1-CB181CB474CC}.Debug|Any CPU.ActiveCfg = Debug|Any CPU
		{50C12B5C-387C-4007-A1D1-CB181CB474CC}.Debug|Any CPU.Build.0 = Debug|Any CPU
		{50C12B5C-387C-4007-A1D1-CB181CB474CC}.Release|Any CPU.ActiveCfg = Release|Any CPU
		{50C12B5C-387C-4007-A1D1-CB181CB474CC}.Release|Any CPU.Build.0 = Release|Any CPU
		{F976A709-D9DB-407E-A4CD-2CEA31C6B1D9}.Debug|Any CPU.ActiveCfg = Debug|Any CPU
		{F976A709-D9DB-407E-A4CD-2CEA31C6B1D9}.Debug|Any CPU.Build.0 = Debug|Any CPU
		{F976A709-D9DB-407E-A4CD-2CEA31C6B1D9}.Release|Any CPU.ActiveCfg = Release|Any CPU
		{F976A709-D9DB-407E-A4CD-2CEA31C6B1D9}.Release|Any CPU.Build.0 = Release|Any CPU
		{C8DB3E77-3AF4-471D-A214-69DBEB32750E}.Debug|Any CPU.ActiveCfg = Debug|Any CPU
		{C8DB3E77-3AF4-471D-A214-69DBEB32750E}.Debug|Any CPU.Build.0 = Debug|Any CPU
		{C8DB3E77-3AF4-471D-A214-69DBEB32750E}.Release|Any CPU.ActiveCfg = Release|Any CPU
		{C8DB3E77-3AF4-471D-A214-69DBEB32750E}.Release|Any CPU.Build.0 = Release|Any CPU
		{F84E21EE-360C-46EC-BD01-E66F8D9F5B3E}.Debug|Any CPU.ActiveCfg = Debug|Any CPU
		{F84E21EE-360C-46EC-BD01-E66F8D9F5B3E}.Debug|Any CPU.Build.0 = Debug|Any CPU
		{F84E21EE-360C-46EC-BD01-E66F8D9F5B3E}.Release|Any CPU.ActiveCfg = Release|Any CPU
		{F84E21EE-360C-46EC-BD01-E66F8D9F5B3E}.Release|Any CPU.Build.0 = Release|Any CPU
		{B3A2B816-9F41-4857-A111-09D2DF2550D6}.Debug|Any CPU.ActiveCfg = Debug|Any CPU
		{B3A2B816-9F41-4857-A111-09D2DF2550D6}.Debug|Any CPU.Build.0 = Debug|Any CPU
		{B3A2B816-9F41-4857-A111-09D2DF2550D6}.Release|Any CPU.ActiveCfg = Release|Any CPU
		{B3A2B816-9F41-4857-A111-09D2DF2550D6}.Release|Any CPU.Build.0 = Release|Any CPU
		{BEC17FD3-2ADB-4154-934D-494313C588EE}.Debug|Any CPU.ActiveCfg = Debug|Any CPU
		{BEC17FD3-2ADB-4154-934D-494313C588EE}.Debug|Any CPU.Build.0 = Debug|Any CPU
		{BEC17FD3-2ADB-4154-934D-494313C588EE}.Release|Any CPU.ActiveCfg = Release|Any CPU
		{BEC17FD3-2ADB-4154-934D-494313C588EE}.Release|Any CPU.Build.0 = Release|Any CPU
		{16E6B250-C805-4C31-9A7D-F56A0051EC93}.Debug|Any CPU.ActiveCfg = Debug|Any CPU
		{16E6B250-C805-4C31-9A7D-F56A0051EC93}.Debug|Any CPU.Build.0 = Debug|Any CPU
		{16E6B250-C805-4C31-9A7D-F56A0051EC93}.Release|Any CPU.ActiveCfg = Release|Any CPU
		{16E6B250-C805-4C31-9A7D-F56A0051EC93}.Release|Any CPU.Build.0 = Release|Any CPU
		{C0CA5D05-72C0-4F22-8618-B31BF0FFA190}.Debug|Any CPU.ActiveCfg = Debug|Any CPU
		{C0CA5D05-72C0-4F22-8618-B31BF0FFA190}.Debug|Any CPU.Build.0 = Debug|Any CPU
		{C0CA5D05-72C0-4F22-8618-B31BF0FFA190}.Release|Any CPU.ActiveCfg = Release|Any CPU
		{C0CA5D05-72C0-4F22-8618-B31BF0FFA190}.Release|Any CPU.Build.0 = Release|Any CPU
		{222CB020-5336-47D7-9BB9-A22D18953C80}.Debug|Any CPU.ActiveCfg = Debug|Any CPU
		{222CB020-5336-47D7-9BB9-A22D18953C80}.Debug|Any CPU.Build.0 = Debug|Any CPU
		{222CB020-5336-47D7-9BB9-A22D18953C80}.Release|Any CPU.ActiveCfg = Release|Any CPU
		{222CB020-5336-47D7-9BB9-A22D18953C80}.Release|Any CPU.Build.0 = Release|Any CPU
		{E367FE8E-E46F-4DA0-86CE-E6F37E78DEE0}.Debug|Any CPU.ActiveCfg = Debug|Any CPU
		{E367FE8E-E46F-4DA0-86CE-E6F37E78DEE0}.Debug|Any CPU.Build.0 = Debug|Any CPU
		{E367FE8E-E46F-4DA0-86CE-E6F37E78DEE0}.Release|Any CPU.ActiveCfg = Release|Any CPU
		{E367FE8E-E46F-4DA0-86CE-E6F37E78DEE0}.Release|Any CPU.Build.0 = Release|Any CPU
	EndGlobalSection
	GlobalSection(SolutionProperties) = preSolution
		HideSolutionNode = FALSE
	EndGlobalSection
EndGlobal
