
Microsoft Visual Studio Solution File, Format Version 12.00
# Visual Studio 2013
VisualStudioVersion = 12.0.31101.0
MinimumVisualStudioVersion = 10.0.40219.1
Project("{FAE04EC0-301F-11D3-BF4B-00C04F79EFBC}") = "ICSharpCode.Core", "..\Thirdparty\SharpDevelop\ICSharpCode.Core\ICSharpCode.Core.csproj", "{35CEF10F-2D4C-45F2-9DD1-161E0FEC583C}"
EndProject
Project("{FAE04EC0-301F-11D3-BF4B-00C04F79EFBC}") = "ICSharpCode.Core.WinForms", "..\Thirdparty\SharpDevelop\ICSharpCode.Core.WinForms\ICSharpCode.Core.WinForms.csproj", "{857CA1A3-FC88-4BE0-AB6A-D1EE772AB288}"
EndProject
Project("{FAE04EC0-301F-11D3-BF4B-00C04F79EFBC}") = "Maestro.Base", "..\Maestro.Base\Maestro.Base.csproj", "{F1E2F468-5030-4DBA-968C-9620284AFAA1}"
	ProjectSection(ProjectDependencies) = postProject
		{CFD19053-2172-41D3-8460-0FD2123A1E88} = {CFD19053-2172-41D3-8460-0FD2123A1E88}
	EndProjectSection
EndProject
Project("{FAE04EC0-301F-11D3-BF4B-00C04F79EFBC}") = "MaestroFsPreview", "..\MaestroFsPreview\MaestroFsPreview.csproj", "{59BE5E18-17B6-431D-836E-C0AABA6D69E8}"
	ProjectSection(ProjectDependencies) = postProject
		{07588440-5F9F-4C30-AA06-9CF30BA6DDE6} = {07588440-5F9F-4C30-AA06-9CF30BA6DDE6}
		{5AD2CDBA-952E-4148-98A1-31D2E0D540D5} = {5AD2CDBA-952E-4148-98A1-31D2E0D540D5}
	EndProjectSection
EndProject
Project("{FAE04EC0-301F-11D3-BF4B-00C04F79EFBC}") = "Maestro.AddIn.ExtendedObjectModels", "..\Maestro.AddIn.ExtendedObjectModels\Maestro.AddIn.ExtendedObjectModels.csproj", "{32BA7DF6-1AFA-441D-9231-5624C5920706}"
	ProjectSection(ProjectDependencies) = postProject
		{CFD19053-2172-41D3-8460-0FD2123A1E88} = {CFD19053-2172-41D3-8460-0FD2123A1E88}
		{80FA3158-8B5F-48D1-A393-0378AFE48A7E} = {80FA3158-8B5F-48D1-A393-0378AFE48A7E}
		{5AD2CDBA-952E-4148-98A1-31D2E0D540D5} = {5AD2CDBA-952E-4148-98A1-31D2E0D540D5}
	EndProjectSection
EndProject
Project("{FAE04EC0-301F-11D3-BF4B-00C04F79EFBC}") = "MgCooker", "..\MgCooker\MgCooker.csproj", "{C7DCF771-5982-4859-A17F-01126E6F9BA6}"
	ProjectSection(ProjectDependencies) = postProject
		{07588440-5F9F-4C30-AA06-9CF30BA6DDE6} = {07588440-5F9F-4C30-AA06-9CF30BA6DDE6}
		{80FA3158-8B5F-48D1-A393-0378AFE48A7E} = {80FA3158-8B5F-48D1-A393-0378AFE48A7E}
	EndProjectSection
EndProject
Project("{FAE04EC0-301F-11D3-BF4B-00C04F79EFBC}") = "MgCooker.Cmd", "..\MgCooker.Cmd\MgCooker.Cmd.csproj", "{0FD82B7B-1264-410F-86D1-47E9CCACD68E}"
EndProject
Project("{FAE04EC0-301F-11D3-BF4B-00C04F79EFBC}") = "Maestro.Editors", "..\Maestro.Editors\Maestro.Editors.csproj", "{5AD2CDBA-952E-4148-98A1-31D2E0D540D5}"
EndProject
Project("{FAE04EC0-301F-11D3-BF4B-00C04F79EFBC}") = "Maestro.Login", "..\Maestro.Login\Maestro.Login.csproj", "{07588440-5F9F-4C30-AA06-9CF30BA6DDE6}"
EndProject
Project("{FAE04EC0-301F-11D3-BF4B-00C04F79EFBC}") = "Maestro.Packaging", "..\Maestro.Packaging\Maestro.Packaging.csproj", "{0EA33E36-9C33-4D60-B378-B87FADAA0F40}"
EndProject
Project("{FAE04EC0-301F-11D3-BF4B-00C04F79EFBC}") = "Maestro.Shared.UI", "..\Maestro.Shared.UI\Maestro.Shared.UI.csproj", "{CFD19053-2172-41D3-8460-0FD2123A1E88}"
EndProject
Project("{FAE04EC0-301F-11D3-BF4B-00C04F79EFBC}") = "OSGeo.MapGuide.MaestroAPI", "..\OSGeo.MapGuide.MaestroAPI\OSGeo.MapGuide.MaestroAPI.csproj", "{80FA3158-8B5F-48D1-A393-0378AFE48A7E}"
EndProject
Project("{FAE04EC0-301F-11D3-BF4B-00C04F79EFBC}") = "OSGeo.MapGuide.MaestroAPI.Http", "..\OSGeo.MapGuide.MaestroAPI.Http\OSGeo.MapGuide.MaestroAPI.Http.csproj", "{6EF1E775-444B-4E5F-87FB-D687C43A68D7}"
EndProject
Project("{FAE04EC0-301F-11D3-BF4B-00C04F79EFBC}") = "MaestroAPITests", "..\MaestroAPITests\MaestroAPITests.csproj", "{351D49A3-2E4A-4EC3-AFC2-D56598F44F51}"
EndProject
Project("{FAE04EC0-301F-11D3-BF4B-00C04F79EFBC}") = "MaestroAPITestRunner", "..\MaestroAPITestRunner\MaestroAPITestRunner.csproj", "{50C12B5C-387C-4007-A1D1-CB181CB474CC}"
EndProject
Project("{FAE04EC0-301F-11D3-BF4B-00C04F79EFBC}") = "OSGeo.MapGuide.MaestroAPI.Local", "..\OSGeo.MapGuide.MaestroAPI.Local\OSGeo.MapGuide.MaestroAPI.Local.csproj", "{3DDF6501-0148-474C-8674-7C7DA49C7F02}"
EndProject
Project("{FAE04EC0-301F-11D3-BF4B-00C04F79EFBC}") = "Maestro.AddIn.Local", "..\Maestro.AddIn.Local\Maestro.AddIn.Local.csproj", "{2419F940-BFB7-4F3F-B5DA-1052EB4706E5}"
	ProjectSection(ProjectDependencies) = postProject
		{3DDF6501-0148-474C-8674-7C7DA49C7F02} = {3DDF6501-0148-474C-8674-7C7DA49C7F02}
		{80FA3158-8B5F-48D1-A393-0378AFE48A7E} = {80FA3158-8B5F-48D1-A393-0378AFE48A7E}
	EndProjectSection
EndProject
Project("{FAE04EC0-301F-11D3-BF4B-00C04F79EFBC}") = "LocalConfigure", "..\LocalConfigure\LocalConfigure.csproj", "{6EE16FFD-296E-42FF-B994-8902C27AA0F4}"
EndProject
Project("{FAE04EC0-301F-11D3-BF4B-00C04F79EFBC}") = "SignMapGuideApi", "..\SignMapGuideApi\SignMapGuideApi.csproj", "{D24F724A-1CBF-4EB6-A48B-92C08353C4CC}"
EndProject
Project("{FAE04EC0-301F-11D3-BF4B-00C04F79EFBC}") = "OSGeo.MapGuide.MaestroAPI.Native32-2.2.0", "..\OSGeo.MapGuide.MaestroAPI.Native\OSGeo.MapGuide.MaestroAPI.Native32-2.2.0.csproj", "{F4420153-9DF3-4407-AD65-E8ABED2B6E25}"
EndProject
Project("{FAE04EC0-301F-11D3-BF4B-00C04F79EFBC}") = "Maestro.AddIn.FdoToolbox", "..\Maestro.AddIn.FdoToolbox\Maestro.AddIn.FdoToolbox.csproj", "{8787FF3F-552F-46BE-B9D7-548B6162B079}"
EndProject
Project("{FAE04EC0-301F-11D3-BF4B-00C04F79EFBC}") = "RtMapInspector", "..\RtMapInspector\RtMapInspector.csproj", "{E204559D-EE92-4792-96E2-06F45654FAFC}"
EndProject
Project("{FAE04EC0-301F-11D3-BF4B-00C04F79EFBC}") = "Maestro.AddIn.Scripting", "..\Maestro.AddIn.Scripting\Maestro.AddIn.Scripting.csproj", "{3591C5BB-2B87-4FB4-AD87-9C8176DF9835}"
EndProject
Project("{FAE04EC0-301F-11D3-BF4B-00C04F79EFBC}") = "ICSharpCode.TextEditor", "..\Thirdparty\SharpDevelop\ICSharpCode.TextEditor\ICSharpCode.TextEditor.csproj", "{2D18BE89-D210-49EB-A9DD-2246FBB3DF6D}"
EndProject
Project("{FAE04EC0-301F-11D3-BF4B-00C04F79EFBC}") = "Maestro.AddInManager", "..\Maestro.AddInManager\Maestro.AddInManager.csproj", "{9CC51643-37D6-4B8F-A0EA-E7606AA561EB}"
EndProject
Project("{FAE04EC0-301F-11D3-BF4B-00C04F79EFBC}") = "Maestro.MapViewer", "..\Maestro.MapViewer\Maestro.MapViewer.csproj", "{4F9658DE-D16F-4B40-B830-BB1E0136DBD7}"
EndProject
Project("{FAE04EC0-301F-11D3-BF4B-00C04F79EFBC}") = "Maestro.LiveMapEditor", "..\Maestro.LiveMapEditor\Maestro.LiveMapEditor.csproj", "{F1EDEB83-D09F-46E0-B655-B43D4D9682DD}"
EndProject
Project("{FAE04EC0-301F-11D3-BF4B-00C04F79EFBC}") = "ProviderTemplate", "..\ProviderTemplate\ProviderTemplate.csproj", "{EDDBBE17-E9A9-43FB-99FE-38DD8E10607A}"
	ProjectSection(ProjectDependencies) = postProject
		{D24F724A-1CBF-4EB6-A48B-92C08353C4CC} = {D24F724A-1CBF-4EB6-A48B-92C08353C4CC}
		{F4420153-9DF3-4407-AD65-E8ABED2B6E25} = {F4420153-9DF3-4407-AD65-E8ABED2B6E25}
		{80FA3158-8B5F-48D1-A393-0378AFE48A7E} = {80FA3158-8B5F-48D1-A393-0378AFE48A7E}
		{6EF1E775-444B-4E5F-87FB-D687C43A68D7} = {6EF1E775-444B-4E5F-87FB-D687C43A68D7}
	EndProjectSection
EndProject
Project("{FAE04EC0-301F-11D3-BF4B-00C04F79EFBC}") = "Maestro", "Maestro.csproj", "{E0C36475-2B70-4F6D-ACE0-8943167806DC}"
EndProject
Project("{FAE04EC0-301F-11D3-BF4B-00C04F79EFBC}") = "MaestroAPITestRunner64", "..\MaestroAPITestRunner\MaestroAPITestRunner64.csproj", "{AA5EF530-B95C-4C8F-BE9F-52C225613DF9}"
	ProjectSection(ProjectDependencies) = postProject
		{50C12B5C-387C-4007-A1D1-CB181CB474CC} = {50C12B5C-387C-4007-A1D1-CB181CB474CC}
	EndProjectSection
EndProject
Project("{2150E333-8FDC-42A3-9474-1A3956D46DE8}") = ".nuget", ".nuget", "{24093FBD-9376-4FE6-8A33-4D7F6AEAADC3}"
	ProjectSection(SolutionItems) = preProject
		.nuget\NuGet.Config = .nuget\NuGet.Config
		.nuget\NuGet.exe = .nuget\NuGet.exe
		.nuget\NuGet.targets = .nuget\NuGet.targets
		.nuget\packages.config = .nuget\packages.config
	EndProjectSection
EndProject
Project("{FAE04EC0-301F-11D3-BF4B-00C04F79EFBC}") = "MpuCalc", "..\MpuCalc\MpuCalc.csproj", "{43B01C27-E0D2-439B-83ED-8C814ED1526A}"
EndProject
Project("{FAE04EC0-301F-11D3-BF4B-00C04F79EFBC}") = "OSGeo.MapGuide.ObjectModels", "..\OSGeo.MapGuide.ObjectModels\OSGeo.MapGuide.ObjectModels.csproj", "{48C5EB23-45AE-4C4C-8FAB-635428AE8CA1}"
EndProject
Project("{2150E333-8FDC-42A3-9474-1A3956D46DE8}") = "Tests", "Tests", "{7507E52A-413B-4E0D-A1FF-7D293E462C1B}"
EndProject
Project("{2150E333-8FDC-42A3-9474-1A3956D46DE8}") = "Thirdparty", "Thirdparty", "{5A242739-8805-4B57-A036-29C81E899CBE}"
EndProject
Project("{FAE04EC0-301F-11D3-BF4B-00C04F79EFBC}") = "OSGeo.MapGuide.MaestroAPI.Tests", "..\OSGeo.MapGuide.MaestroAPI.Tests\OSGeo.MapGuide.MaestroAPI.Tests.csproj", "{28224492-7383-46BD-AE64-2DA35243175C}"
EndProject
Project("{2150E333-8FDC-42A3-9474-1A3956D46DE8}") = "AddIns", "AddIns", "{D5A5B73D-6F2D-4199-8F1E-6786CE41B83D}"
EndProject
Project("{2150E333-8FDC-42A3-9474-1A3956D46DE8}") = "Core API and Providers", "Core API and Providers", "{0DA73D0B-B89E-464B-AD24-CD370242F641}"
EndProject
Project("{2150E333-8FDC-42A3-9474-1A3956D46DE8}") = "Tools", "Tools", "{8AEDB361-4C62-4FD6-8D45-14FAD3A53AB7}"
EndProject
Project("{2150E333-8FDC-42A3-9474-1A3956D46DE8}") = "Maestro Shared Components", "Maestro Shared Components", "{345BD020-7A7B-4E8B-9CC6-4EC111D51779}"
EndProject
Project("{FAE04EC0-301F-11D3-BF4B-00C04F79EFBC}") = "OSGeo.MapGuide.ObjectModels.Tests", "..\OSGeo.MapGuide.ObjectModel.Tests\OSGeo.MapGuide.ObjectModels.Tests.csproj", "{D32BE7DB-D0C3-4805-A057-18312370C57E}"
EndProject
Project("{FAE04EC0-301F-11D3-BF4B-00C04F79EFBC}") = "OSGeo.FDO.Expressions", "..\OSGeo.FDO.Expressions\OSGeo.FDO.Expressions.csproj", "{DA2CC031-200B-4F99-A0A9-2E95374BE78F}"
EndProject
Global
	GlobalSection(SolutionConfigurationPlatforms) = preSolution
		Debug|Any CPU = Debug|Any CPU
		Release|Any CPU = Release|Any CPU
	EndGlobalSection
	GlobalSection(ProjectConfigurationPlatforms) = postSolution
		{35CEF10F-2D4C-45F2-9DD1-161E0FEC583C}.Debug|Any CPU.ActiveCfg = Debug|Any CPU
		{35CEF10F-2D4C-45F2-9DD1-161E0FEC583C}.Debug|Any CPU.Build.0 = Debug|Any CPU
		{35CEF10F-2D4C-45F2-9DD1-161E0FEC583C}.Release|Any CPU.ActiveCfg = Release|Any CPU
		{35CEF10F-2D4C-45F2-9DD1-161E0FEC583C}.Release|Any CPU.Build.0 = Release|Any CPU
		{857CA1A3-FC88-4BE0-AB6A-D1EE772AB288}.Debug|Any CPU.ActiveCfg = Debug|Any CPU
		{857CA1A3-FC88-4BE0-AB6A-D1EE772AB288}.Debug|Any CPU.Build.0 = Debug|Any CPU
		{857CA1A3-FC88-4BE0-AB6A-D1EE772AB288}.Release|Any CPU.ActiveCfg = Release|Any CPU
		{857CA1A3-FC88-4BE0-AB6A-D1EE772AB288}.Release|Any CPU.Build.0 = Release|Any CPU
		{F1E2F468-5030-4DBA-968C-9620284AFAA1}.Debug|Any CPU.ActiveCfg = Debug|Any CPU
		{F1E2F468-5030-4DBA-968C-9620284AFAA1}.Debug|Any CPU.Build.0 = Debug|Any CPU
		{F1E2F468-5030-4DBA-968C-9620284AFAA1}.Release|Any CPU.ActiveCfg = Release|Any CPU
		{F1E2F468-5030-4DBA-968C-9620284AFAA1}.Release|Any CPU.Build.0 = Release|Any CPU
		{59BE5E18-17B6-431D-836E-C0AABA6D69E8}.Debug|Any CPU.ActiveCfg = Debug|Any CPU
		{59BE5E18-17B6-431D-836E-C0AABA6D69E8}.Debug|Any CPU.Build.0 = Debug|Any CPU
		{59BE5E18-17B6-431D-836E-C0AABA6D69E8}.Release|Any CPU.ActiveCfg = Release|Any CPU
		{59BE5E18-17B6-431D-836E-C0AABA6D69E8}.Release|Any CPU.Build.0 = Release|Any CPU
		{32BA7DF6-1AFA-441D-9231-5624C5920706}.Debug|Any CPU.ActiveCfg = Debug|Any CPU
		{32BA7DF6-1AFA-441D-9231-5624C5920706}.Debug|Any CPU.Build.0 = Debug|Any CPU
		{32BA7DF6-1AFA-441D-9231-5624C5920706}.Release|Any CPU.ActiveCfg = Release|Any CPU
		{32BA7DF6-1AFA-441D-9231-5624C5920706}.Release|Any CPU.Build.0 = Release|Any CPU
		{C7DCF771-5982-4859-A17F-01126E6F9BA6}.Debug|Any CPU.ActiveCfg = Debug|Any CPU
		{C7DCF771-5982-4859-A17F-01126E6F9BA6}.Debug|Any CPU.Build.0 = Debug|Any CPU
		{C7DCF771-5982-4859-A17F-01126E6F9BA6}.Release|Any CPU.ActiveCfg = Release|Any CPU
		{C7DCF771-5982-4859-A17F-01126E6F9BA6}.Release|Any CPU.Build.0 = Release|Any CPU
		{0FD82B7B-1264-410F-86D1-47E9CCACD68E}.Debug|Any CPU.ActiveCfg = Debug|Any CPU
		{0FD82B7B-1264-410F-86D1-47E9CCACD68E}.Debug|Any CPU.Build.0 = Debug|Any CPU
		{0FD82B7B-1264-410F-86D1-47E9CCACD68E}.Release|Any CPU.ActiveCfg = Release|Any CPU
		{0FD82B7B-1264-410F-86D1-47E9CCACD68E}.Release|Any CPU.Build.0 = Release|Any CPU
		{5AD2CDBA-952E-4148-98A1-31D2E0D540D5}.Debug|Any CPU.ActiveCfg = Debug|Any CPU
		{5AD2CDBA-952E-4148-98A1-31D2E0D540D5}.Debug|Any CPU.Build.0 = Debug|Any CPU
		{5AD2CDBA-952E-4148-98A1-31D2E0D540D5}.Release|Any CPU.ActiveCfg = Release|Any CPU
		{5AD2CDBA-952E-4148-98A1-31D2E0D540D5}.Release|Any CPU.Build.0 = Release|Any CPU
		{07588440-5F9F-4C30-AA06-9CF30BA6DDE6}.Debug|Any CPU.ActiveCfg = Debug|Any CPU
		{07588440-5F9F-4C30-AA06-9CF30BA6DDE6}.Debug|Any CPU.Build.0 = Debug|Any CPU
		{07588440-5F9F-4C30-AA06-9CF30BA6DDE6}.Release|Any CPU.ActiveCfg = Release|Any CPU
		{07588440-5F9F-4C30-AA06-9CF30BA6DDE6}.Release|Any CPU.Build.0 = Release|Any CPU
		{0EA33E36-9C33-4D60-B378-B87FADAA0F40}.Debug|Any CPU.ActiveCfg = Debug|Any CPU
		{0EA33E36-9C33-4D60-B378-B87FADAA0F40}.Debug|Any CPU.Build.0 = Debug|Any CPU
		{0EA33E36-9C33-4D60-B378-B87FADAA0F40}.Release|Any CPU.ActiveCfg = Release|Any CPU
		{0EA33E36-9C33-4D60-B378-B87FADAA0F40}.Release|Any CPU.Build.0 = Release|Any CPU
		{CFD19053-2172-41D3-8460-0FD2123A1E88}.Debug|Any CPU.ActiveCfg = Debug|Any CPU
		{CFD19053-2172-41D3-8460-0FD2123A1E88}.Debug|Any CPU.Build.0 = Debug|Any CPU
		{CFD19053-2172-41D3-8460-0FD2123A1E88}.Release|Any CPU.ActiveCfg = Release|Any CPU
		{CFD19053-2172-41D3-8460-0FD2123A1E88}.Release|Any CPU.Build.0 = Release|Any CPU
		{80FA3158-8B5F-48D1-A393-0378AFE48A7E}.Debug|Any CPU.ActiveCfg = Debug|Any CPU
		{80FA3158-8B5F-48D1-A393-0378AFE48A7E}.Debug|Any CPU.Build.0 = Debug|Any CPU
		{80FA3158-8B5F-48D1-A393-0378AFE48A7E}.Release|Any CPU.ActiveCfg = Release|Any CPU
		{80FA3158-8B5F-48D1-A393-0378AFE48A7E}.Release|Any CPU.Build.0 = Release|Any CPU
		{6EF1E775-444B-4E5F-87FB-D687C43A68D7}.Debug|Any CPU.ActiveCfg = Debug|Any CPU
		{6EF1E775-444B-4E5F-87FB-D687C43A68D7}.Debug|Any CPU.Build.0 = Debug|Any CPU
		{6EF1E775-444B-4E5F-87FB-D687C43A68D7}.Release|Any CPU.ActiveCfg = Release|Any CPU
		{6EF1E775-444B-4E5F-87FB-D687C43A68D7}.Release|Any CPU.Build.0 = Release|Any CPU
		{351D49A3-2E4A-4EC3-AFC2-D56598F44F51}.Debug|Any CPU.ActiveCfg = Debug|Any CPU
		{351D49A3-2E4A-4EC3-AFC2-D56598F44F51}.Debug|Any CPU.Build.0 = Debug|Any CPU
		{351D49A3-2E4A-4EC3-AFC2-D56598F44F51}.Release|Any CPU.ActiveCfg = Release|Any CPU
		{351D49A3-2E4A-4EC3-AFC2-D56598F44F51}.Release|Any CPU.Build.0 = Release|Any CPU
		{50C12B5C-387C-4007-A1D1-CB181CB474CC}.Debug|Any CPU.ActiveCfg = Debug|Any CPU
		{50C12B5C-387C-4007-A1D1-CB181CB474CC}.Debug|Any CPU.Build.0 = Debug|Any CPU
		{50C12B5C-387C-4007-A1D1-CB181CB474CC}.Release|Any CPU.ActiveCfg = Release|Any CPU
		{50C12B5C-387C-4007-A1D1-CB181CB474CC}.Release|Any CPU.Build.0 = Release|Any CPU
		{3DDF6501-0148-474C-8674-7C7DA49C7F02}.Debug|Any CPU.ActiveCfg = Debug|Any CPU
		{3DDF6501-0148-474C-8674-7C7DA49C7F02}.Debug|Any CPU.Build.0 = Debug|Any CPU
		{3DDF6501-0148-474C-8674-7C7DA49C7F02}.Release|Any CPU.ActiveCfg = Release|Any CPU
		{3DDF6501-0148-474C-8674-7C7DA49C7F02}.Release|Any CPU.Build.0 = Release|Any CPU
		{2419F940-BFB7-4F3F-B5DA-1052EB4706E5}.Debug|Any CPU.ActiveCfg = Debug|Any CPU
		{2419F940-BFB7-4F3F-B5DA-1052EB4706E5}.Debug|Any CPU.Build.0 = Debug|Any CPU
		{2419F940-BFB7-4F3F-B5DA-1052EB4706E5}.Release|Any CPU.ActiveCfg = Release|Any CPU
		{2419F940-BFB7-4F3F-B5DA-1052EB4706E5}.Release|Any CPU.Build.0 = Release|Any CPU
		{6EE16FFD-296E-42FF-B994-8902C27AA0F4}.Debug|Any CPU.ActiveCfg = Debug|Any CPU
		{6EE16FFD-296E-42FF-B994-8902C27AA0F4}.Debug|Any CPU.Build.0 = Debug|Any CPU
		{6EE16FFD-296E-42FF-B994-8902C27AA0F4}.Release|Any CPU.ActiveCfg = Release|Any CPU
		{6EE16FFD-296E-42FF-B994-8902C27AA0F4}.Release|Any CPU.Build.0 = Release|Any CPU
		{D24F724A-1CBF-4EB6-A48B-92C08353C4CC}.Debug|Any CPU.ActiveCfg = Debug|Any CPU
		{D24F724A-1CBF-4EB6-A48B-92C08353C4CC}.Debug|Any CPU.Build.0 = Debug|Any CPU
		{D24F724A-1CBF-4EB6-A48B-92C08353C4CC}.Release|Any CPU.ActiveCfg = Release|Any CPU
		{D24F724A-1CBF-4EB6-A48B-92C08353C4CC}.Release|Any CPU.Build.0 = Release|Any CPU
		{F4420153-9DF3-4407-AD65-E8ABED2B6E25}.Debug|Any CPU.ActiveCfg = Debug|Any CPU
		{F4420153-9DF3-4407-AD65-E8ABED2B6E25}.Debug|Any CPU.Build.0 = Debug|Any CPU
		{F4420153-9DF3-4407-AD65-E8ABED2B6E25}.Release|Any CPU.ActiveCfg = Release|Any CPU
		{F4420153-9DF3-4407-AD65-E8ABED2B6E25}.Release|Any CPU.Build.0 = Release|Any CPU
		{8787FF3F-552F-46BE-B9D7-548B6162B079}.Debug|Any CPU.ActiveCfg = Debug|Any CPU
		{8787FF3F-552F-46BE-B9D7-548B6162B079}.Debug|Any CPU.Build.0 = Debug|Any CPU
		{8787FF3F-552F-46BE-B9D7-548B6162B079}.Release|Any CPU.ActiveCfg = Release|Any CPU
		{8787FF3F-552F-46BE-B9D7-548B6162B079}.Release|Any CPU.Build.0 = Release|Any CPU
		{E204559D-EE92-4792-96E2-06F45654FAFC}.Debug|Any CPU.ActiveCfg = Debug|Any CPU
		{E204559D-EE92-4792-96E2-06F45654FAFC}.Debug|Any CPU.Build.0 = Debug|Any CPU
		{E204559D-EE92-4792-96E2-06F45654FAFC}.Release|Any CPU.ActiveCfg = Release|Any CPU
		{E204559D-EE92-4792-96E2-06F45654FAFC}.Release|Any CPU.Build.0 = Release|Any CPU
		{3591C5BB-2B87-4FB4-AD87-9C8176DF9835}.Debug|Any CPU.ActiveCfg = Debug|Any CPU
		{3591C5BB-2B87-4FB4-AD87-9C8176DF9835}.Debug|Any CPU.Build.0 = Debug|Any CPU
		{3591C5BB-2B87-4FB4-AD87-9C8176DF9835}.Release|Any CPU.ActiveCfg = Release|Any CPU
		{3591C5BB-2B87-4FB4-AD87-9C8176DF9835}.Release|Any CPU.Build.0 = Release|Any CPU
		{2D18BE89-D210-49EB-A9DD-2246FBB3DF6D}.Debug|Any CPU.ActiveCfg = Debug|Any CPU
		{2D18BE89-D210-49EB-A9DD-2246FBB3DF6D}.Debug|Any CPU.Build.0 = Debug|Any CPU
		{2D18BE89-D210-49EB-A9DD-2246FBB3DF6D}.Release|Any CPU.ActiveCfg = Release|Any CPU
		{2D18BE89-D210-49EB-A9DD-2246FBB3DF6D}.Release|Any CPU.Build.0 = Release|Any CPU
		{9CC51643-37D6-4B8F-A0EA-E7606AA561EB}.Debug|Any CPU.ActiveCfg = Debug|Any CPU
		{9CC51643-37D6-4B8F-A0EA-E7606AA561EB}.Debug|Any CPU.Build.0 = Debug|Any CPU
		{9CC51643-37D6-4B8F-A0EA-E7606AA561EB}.Release|Any CPU.ActiveCfg = Release|Any CPU
		{9CC51643-37D6-4B8F-A0EA-E7606AA561EB}.Release|Any CPU.Build.0 = Release|Any CPU
		{4F9658DE-D16F-4B40-B830-BB1E0136DBD7}.Debug|Any CPU.ActiveCfg = Debug|Any CPU
		{4F9658DE-D16F-4B40-B830-BB1E0136DBD7}.Debug|Any CPU.Build.0 = Debug|Any CPU
		{4F9658DE-D16F-4B40-B830-BB1E0136DBD7}.Release|Any CPU.ActiveCfg = Release|Any CPU
		{4F9658DE-D16F-4B40-B830-BB1E0136DBD7}.Release|Any CPU.Build.0 = Release|Any CPU
		{F1EDEB83-D09F-46E0-B655-B43D4D9682DD}.Debug|Any CPU.ActiveCfg = Debug|x86
		{F1EDEB83-D09F-46E0-B655-B43D4D9682DD}.Debug|Any CPU.Build.0 = Debug|x86
		{F1EDEB83-D09F-46E0-B655-B43D4D9682DD}.Release|Any CPU.ActiveCfg = Release|x86
		{F1EDEB83-D09F-46E0-B655-B43D4D9682DD}.Release|Any CPU.Build.0 = Release|x86
		{EDDBBE17-E9A9-43FB-99FE-38DD8E10607A}.Debug|Any CPU.ActiveCfg = Debug|Any CPU
		{EDDBBE17-E9A9-43FB-99FE-38DD8E10607A}.Debug|Any CPU.Build.0 = Debug|Any CPU
		{EDDBBE17-E9A9-43FB-99FE-38DD8E10607A}.Release|Any CPU.ActiveCfg = Release|Any CPU
		{EDDBBE17-E9A9-43FB-99FE-38DD8E10607A}.Release|Any CPU.Build.0 = Release|Any CPU
		{E0C36475-2B70-4F6D-ACE0-8943167806DC}.Debug|Any CPU.ActiveCfg = Debug|Any CPU
		{E0C36475-2B70-4F6D-ACE0-8943167806DC}.Debug|Any CPU.Build.0 = Debug|Any CPU
		{E0C36475-2B70-4F6D-ACE0-8943167806DC}.Release|Any CPU.ActiveCfg = Release|Any CPU
		{E0C36475-2B70-4F6D-ACE0-8943167806DC}.Release|Any CPU.Build.0 = Release|Any CPU
		{AA5EF530-B95C-4C8F-BE9F-52C225613DF9}.Debug|Any CPU.ActiveCfg = Debug|Any CPU
		{AA5EF530-B95C-4C8F-BE9F-52C225613DF9}.Debug|Any CPU.Build.0 = Debug|Any CPU
		{AA5EF530-B95C-4C8F-BE9F-52C225613DF9}.Release|Any CPU.ActiveCfg = Release|Any CPU
		{AA5EF530-B95C-4C8F-BE9F-52C225613DF9}.Release|Any CPU.Build.0 = Release|Any CPU
		{43B01C27-E0D2-439B-83ED-8C814ED1526A}.Debug|Any CPU.ActiveCfg = Debug|Any CPU
		{43B01C27-E0D2-439B-83ED-8C814ED1526A}.Debug|Any CPU.Build.0 = Debug|Any CPU
		{43B01C27-E0D2-439B-83ED-8C814ED1526A}.Release|Any CPU.ActiveCfg = Release|Any CPU
		{43B01C27-E0D2-439B-83ED-8C814ED1526A}.Release|Any CPU.Build.0 = Release|Any CPU
		{48C5EB23-45AE-4C4C-8FAB-635428AE8CA1}.Debug|Any CPU.ActiveCfg = Debug|Any CPU
		{48C5EB23-45AE-4C4C-8FAB-635428AE8CA1}.Debug|Any CPU.Build.0 = Debug|Any CPU
		{48C5EB23-45AE-4C4C-8FAB-635428AE8CA1}.Release|Any CPU.ActiveCfg = Release|Any CPU
		{48C5EB23-45AE-4C4C-8FAB-635428AE8CA1}.Release|Any CPU.Build.0 = Release|Any CPU
		{28224492-7383-46BD-AE64-2DA35243175C}.Debug|Any CPU.ActiveCfg = Debug|Any CPU
		{28224492-7383-46BD-AE64-2DA35243175C}.Debug|Any CPU.Build.0 = Debug|Any CPU
		{28224492-7383-46BD-AE64-2DA35243175C}.Release|Any CPU.ActiveCfg = Release|Any CPU
		{28224492-7383-46BD-AE64-2DA35243175C}.Release|Any CPU.Build.0 = Release|Any CPU
		{D32BE7DB-D0C3-4805-A057-18312370C57E}.Debug|Any CPU.ActiveCfg = Debug|Any CPU
		{D32BE7DB-D0C3-4805-A057-18312370C57E}.Debug|Any CPU.Build.0 = Debug|Any CPU
		{D32BE7DB-D0C3-4805-A057-18312370C57E}.Release|Any CPU.ActiveCfg = Release|Any CPU
		{D32BE7DB-D0C3-4805-A057-18312370C57E}.Release|Any CPU.Build.0 = Release|Any CPU
		{DA2CC031-200B-4F99-A0A9-2E95374BE78F}.Debug|Any CPU.ActiveCfg = Debug|Any CPU
		{DA2CC031-200B-4F99-A0A9-2E95374BE78F}.Debug|Any CPU.Build.0 = Debug|Any CPU
		{DA2CC031-200B-4F99-A0A9-2E95374BE78F}.Release|Any CPU.ActiveCfg = Release|Any CPU
		{DA2CC031-200B-4F99-A0A9-2E95374BE78F}.Release|Any CPU.Build.0 = Release|Any CPU
	EndGlobalSection
	GlobalSection(SolutionProperties) = preSolution
		HideSolutionNode = FALSE
	EndGlobalSection
	GlobalSection(NestedProjects) = preSolution
		{35CEF10F-2D4C-45F2-9DD1-161E0FEC583C} = {5A242739-8805-4B57-A036-29C81E899CBE}
		{857CA1A3-FC88-4BE0-AB6A-D1EE772AB288} = {5A242739-8805-4B57-A036-29C81E899CBE}
		{59BE5E18-17B6-431D-836E-C0AABA6D69E8} = {8AEDB361-4C62-4FD6-8D45-14FAD3A53AB7}
		{32BA7DF6-1AFA-441D-9231-5624C5920706} = {D5A5B73D-6F2D-4199-8F1E-6786CE41B83D}
		{C7DCF771-5982-4859-A17F-01126E6F9BA6} = {8AEDB361-4C62-4FD6-8D45-14FAD3A53AB7}
		{0FD82B7B-1264-410F-86D1-47E9CCACD68E} = {8AEDB361-4C62-4FD6-8D45-14FAD3A53AB7}
		{5AD2CDBA-952E-4148-98A1-31D2E0D540D5} = {345BD020-7A7B-4E8B-9CC6-4EC111D51779}
		{07588440-5F9F-4C30-AA06-9CF30BA6DDE6} = {345BD020-7A7B-4E8B-9CC6-4EC111D51779}
		{0EA33E36-9C33-4D60-B378-B87FADAA0F40} = {345BD020-7A7B-4E8B-9CC6-4EC111D51779}
		{CFD19053-2172-41D3-8460-0FD2123A1E88} = {345BD020-7A7B-4E8B-9CC6-4EC111D51779}
		{80FA3158-8B5F-48D1-A393-0378AFE48A7E} = {0DA73D0B-B89E-464B-AD24-CD370242F641}
		{6EF1E775-444B-4E5F-87FB-D687C43A68D7} = {0DA73D0B-B89E-464B-AD24-CD370242F641}
		{351D49A3-2E4A-4EC3-AFC2-D56598F44F51} = {7507E52A-413B-4E0D-A1FF-7D293E462C1B}
		{50C12B5C-387C-4007-A1D1-CB181CB474CC} = {7507E52A-413B-4E0D-A1FF-7D293E462C1B}
		{3DDF6501-0148-474C-8674-7C7DA49C7F02} = {0DA73D0B-B89E-464B-AD24-CD370242F641}
		{2419F940-BFB7-4F3F-B5DA-1052EB4706E5} = {D5A5B73D-6F2D-4199-8F1E-6786CE41B83D}
		{6EE16FFD-296E-42FF-B994-8902C27AA0F4} = {8AEDB361-4C62-4FD6-8D45-14FAD3A53AB7}
		{D24F724A-1CBF-4EB6-A48B-92C08353C4CC} = {8AEDB361-4C62-4FD6-8D45-14FAD3A53AB7}
		{F4420153-9DF3-4407-AD65-E8ABED2B6E25} = {0DA73D0B-B89E-464B-AD24-CD370242F641}
		{8787FF3F-552F-46BE-B9D7-548B6162B079} = {D5A5B73D-6F2D-4199-8F1E-6786CE41B83D}
		{E204559D-EE92-4792-96E2-06F45654FAFC} = {8AEDB361-4C62-4FD6-8D45-14FAD3A53AB7}
		{3591C5BB-2B87-4FB4-AD87-9C8176DF9835} = {D5A5B73D-6F2D-4199-8F1E-6786CE41B83D}
		{2D18BE89-D210-49EB-A9DD-2246FBB3DF6D} = {5A242739-8805-4B57-A036-29C81E899CBE}
		{9CC51643-37D6-4B8F-A0EA-E7606AA561EB} = {D5A5B73D-6F2D-4199-8F1E-6786CE41B83D}
		{4F9658DE-D16F-4B40-B830-BB1E0136DBD7} = {345BD020-7A7B-4E8B-9CC6-4EC111D51779}
		{F1EDEB83-D09F-46E0-B655-B43D4D9682DD} = {8AEDB361-4C62-4FD6-8D45-14FAD3A53AB7}
		{EDDBBE17-E9A9-43FB-99FE-38DD8E10607A} = {8AEDB361-4C62-4FD6-8D45-14FAD3A53AB7}
		{AA5EF530-B95C-4C8F-BE9F-52C225613DF9} = {7507E52A-413B-4E0D-A1FF-7D293E462C1B}
		{43B01C27-E0D2-439B-83ED-8C814ED1526A} = {8AEDB361-4C62-4FD6-8D45-14FAD3A53AB7}
		{48C5EB23-45AE-4C4C-8FAB-635428AE8CA1} = {0DA73D0B-B89E-464B-AD24-CD370242F641}
		{28224492-7383-46BD-AE64-2DA35243175C} = {7507E52A-413B-4E0D-A1FF-7D293E462C1B}
		{D32BE7DB-D0C3-4805-A057-18312370C57E} = {7507E52A-413B-4E0D-A1FF-7D293E462C1B}
		{DA2CC031-200B-4F99-A0A9-2E95374BE78F} = {0DA73D0B-B89E-464B-AD24-CD370242F641}
	EndGlobalSection
EndGlobal
