Microsoft Visual Studio Solution File, Format Version 9.00
# Visual Studio 2005
Project("{FAE04EC0-301F-11D3-BF4B-00C04F79EFBC}") = "OSGeo.MapGuide.Maestro", "OSGeo.MapGuide.Maestro.csproj", "{F3BADE4F-2581-4B65-9E15-412C294DB973}"
EndProject
Project("{FAE04EC0-301F-11D3-BF4B-00C04F79EFBC}") = "FusionEditor", "FusionEditor\FusionEditor.csproj", "{A47D6F9A-F58D-4A2E-8E88-09CD833A160E}"
EndProject
Project("{FAE04EC0-301F-11D3-BF4B-00C04F79EFBC}") = "Globalizator", "Globalizator\Globalizator.csproj", "{361D5982-275F-4A4C-935F-0BB637330C9C}"
EndProject
Project("{FAE04EC0-301F-11D3-BF4B-00C04F79EFBC}") = "ResourceValidators", "ResourceValidators\ResourceValidators.csproj", "{6CB2368F-3405-4E1D-8773-64CA49630AD4}"
EndProject
Project("{FAE04EC0-301F-11D3-BF4B-00C04F79EFBC}") = "MgCooker", "..\MgCooker\MgCooker.csproj", "{C76FFEBF-F047-4BE8-983C-BF8BF3CFB3D9}"
EndProject
Project("{FAE04EC0-301F-11D3-BF4B-00C04F79EFBC}") = "MgCookerCommandline", "..\MgCooker\MgCookerCommandline\MgCookerCommandline.csproj", "{385D3D92-874C-43F8-ADFD-B0D6D13378D7}"
EndProject
Project("{FAE04EC0-301F-11D3-BF4B-00C04F79EFBC}") = "OSGeo.MapGuide.MaestroAPI", "..\MaestroAPI\OSGeo.MapGuide.MaestroAPI.csproj", "{290B027E-3649-4A60-A9BF-0544831435E2}"
EndProject
Project("{FAE04EC0-301F-11D3-BF4B-00C04F79EFBC}") = "ResourceEditors", "ResourceEditors\ResourceEditors.csproj", "{E324888B-4A05-46A7-8FB4-54452145128F}"
EndProject
Project("{FAE04EC0-301F-11D3-BF4B-00C04F79EFBC}") = "MaestroEditorInterface", "MaestroEditorInterface\MaestroEditorInterface.csproj", "{006AFE1A-BF79-4C84-888D-9396958A42BD}"
EndProject
Project("{FAE04EC0-301F-11D3-BF4B-00C04F79EFBC}") = "OSGeo.MapGuide.Maestro.ResourceBrowser", "ResourceBrowser\OSGeo.MapGuide.Maestro.ResourceBrowser.csproj", "{FD40B520-CC1B-41C7-B89B-693E0204EBCC}"
EndProject
Global
	GlobalSection(SubversionScc) = preSolution
		Svn-Managed = True
		Manager = AnkhSVN - Subversion Support for Visual Studio
	EndGlobalSection
	GlobalSection(SolutionConfigurationPlatforms) = preSolution
		Debug|Any CPU = Debug|Any CPU
		Release|Any CPU = Release|Any CPU
	EndGlobalSection
	GlobalSection(ProjectConfigurationPlatforms) = postSolution
		{F3BADE4F-2581-4B65-9E15-412C294DB973}.Debug|Any CPU.ActiveCfg = Debug|Any CPU
		{F3BADE4F-2581-4B65-9E15-412C294DB973}.Debug|Any CPU.Build.0 = Debug|Any CPU
		{F3BADE4F-2581-4B65-9E15-412C294DB973}.Release|Any CPU.ActiveCfg = Release|Any CPU
		{F3BADE4F-2581-4B65-9E15-412C294DB973}.Release|Any CPU.Build.0 = Release|Any CPU
		{A47D6F9A-F58D-4A2E-8E88-09CD833A160E}.Debug|Any CPU.ActiveCfg = Debug|Any CPU
		{A47D6F9A-F58D-4A2E-8E88-09CD833A160E}.Debug|Any CPU.Build.0 = Debug|Any CPU
		{A47D6F9A-F58D-4A2E-8E88-09CD833A160E}.Release|Any CPU.ActiveCfg = Release|Any CPU
		{A47D6F9A-F58D-4A2E-8E88-09CD833A160E}.Release|Any CPU.Build.0 = Release|Any CPU
		{361D5982-275F-4A4C-935F-0BB637330C9C}.Debug|Any CPU.ActiveCfg = Debug|Any CPU
		{361D5982-275F-4A4C-935F-0BB637330C9C}.Debug|Any CPU.Build.0 = Debug|Any CPU
		{361D5982-275F-4A4C-935F-0BB637330C9C}.Release|Any CPU.ActiveCfg = Release|Any CPU
		{361D5982-275F-4A4C-935F-0BB637330C9C}.Release|Any CPU.Build.0 = Release|Any CPU
		{6CB2368F-3405-4E1D-8773-64CA49630AD4}.Debug|Any CPU.ActiveCfg = Debug|Any CPU
		{6CB2368F-3405-4E1D-8773-64CA49630AD4}.Debug|Any CPU.Build.0 = Debug|Any CPU
		{6CB2368F-3405-4E1D-8773-64CA49630AD4}.Release|Any CPU.ActiveCfg = Release|Any CPU
		{6CB2368F-3405-4E1D-8773-64CA49630AD4}.Release|Any CPU.Build.0 = Release|Any CPU
		{C76FFEBF-F047-4BE8-983C-BF8BF3CFB3D9}.Debug|Any CPU.ActiveCfg = Debug|Any CPU
		{C76FFEBF-F047-4BE8-983C-BF8BF3CFB3D9}.Debug|Any CPU.Build.0 = Debug|Any CPU
		{C76FFEBF-F047-4BE8-983C-BF8BF3CFB3D9}.Release|Any CPU.ActiveCfg = Release|Any CPU
		{C76FFEBF-F047-4BE8-983C-BF8BF3CFB3D9}.Release|Any CPU.Build.0 = Release|Any CPU
		{385D3D92-874C-43F8-ADFD-B0D6D13378D7}.Debug|Any CPU.ActiveCfg = Debug|Any CPU
		{385D3D92-874C-43F8-ADFD-B0D6D13378D7}.Debug|Any CPU.Build.0 = Debug|Any CPU
		{385D3D92-874C-43F8-ADFD-B0D6D13378D7}.Release|Any CPU.ActiveCfg = Release|Any CPU
		{385D3D92-874C-43F8-ADFD-B0D6D13378D7}.Release|Any CPU.Build.0 = Release|Any CPU
		{290B027E-3649-4A60-A9BF-0544831435E2}.Debug|Any CPU.ActiveCfg = Debug|Any CPU
		{290B027E-3649-4A60-A9BF-0544831435E2}.Debug|Any CPU.Build.0 = Debug|Any CPU
		{290B027E-3649-4A60-A9BF-0544831435E2}.Release|Any CPU.ActiveCfg = Release|Any CPU
		{290B027E-3649-4A60-A9BF-0544831435E2}.Release|Any CPU.Build.0 = Release|Any CPU
		{E324888B-4A05-46A7-8FB4-54452145128F}.Debug|Any CPU.ActiveCfg = Debug|Any CPU
		{E324888B-4A05-46A7-8FB4-54452145128F}.Debug|Any CPU.Build.0 = Debug|Any CPU
		{E324888B-4A05-46A7-8FB4-54452145128F}.Release|Any CPU.ActiveCfg = Release|Any CPU
		{E324888B-4A05-46A7-8FB4-54452145128F}.Release|Any CPU.Build.0 = Release|Any CPU
		{006AFE1A-BF79-4C84-888D-9396958A42BD}.Debug|Any CPU.ActiveCfg = Debug|Any CPU
		{006AFE1A-BF79-4C84-888D-9396958A42BD}.Debug|Any CPU.Build.0 = Debug|Any CPU
		{006AFE1A-BF79-4C84-888D-9396958A42BD}.Release|Any CPU.ActiveCfg = Release|Any CPU
		{006AFE1A-BF79-4C84-888D-9396958A42BD}.Release|Any CPU.Build.0 = Release|Any CPU
		{FD40B520-CC1B-41C7-B89B-693E0204EBCC}.Debug|Any CPU.ActiveCfg = Debug|Any CPU
		{FD40B520-CC1B-41C7-B89B-693E0204EBCC}.Debug|Any CPU.Build.0 = Debug|Any CPU
		{FD40B520-CC1B-41C7-B89B-693E0204EBCC}.Release|Any CPU.ActiveCfg = Release|Any CPU
		{FD40B520-CC1B-41C7-B89B-693E0204EBCC}.Release|Any CPU.Build.0 = Release|Any CPU
	EndGlobalSection
	GlobalSection(SolutionProperties) = preSolution
		HideSolutionNode = FALSE
	EndGlobalSection
EndGlobal
