Microsoft Visual Studio Solution File, Format Version 8.00
Project("{FAE04EC0-301F-11D3-BF4B-00C04F79EFBC}") = "XsdGenerator.Library", "XsdGenerator.Library\XsdGenerator.Library.csproj", "{1B59FB12-699C-4927-ACA3-D7F0E0F79100}"
	ProjectSection(ProjectDependencies) = postProject
	EndProjectSection
EndProject
Project("{FAE04EC0-301F-11D3-BF4B-00C04F79EFBC}") = "XsdGenerator", "XsdGenerator\XsdGenerator.csproj", "{C6A8355F-9A52-4E23-98C3-36F9161207A3}"
	ProjectSection(ProjectDependencies) = postProject
	EndProjectSection
EndProject
Global
	GlobalSection(SolutionConfiguration) = preSolution
		Debug = Debug
		Release = Release
	EndGlobalSection
	GlobalSection(ProjectDependencies) = postSolution
	EndGlobalSection
	GlobalSection(ProjectConfiguration) = postSolution
		{1B59FB12-699C-4927-ACA3-D7F0E0F79100}.Debug.ActiveCfg = Debug|.NET
		{1B59FB12-699C-4927-ACA3-D7F0E0F79100}.Debug.Build.0 = Debug|.NET
		{1B59FB12-699C-4927-ACA3-D7F0E0F79100}.Release.ActiveCfg = Release|.NET
		{1B59FB12-699C-4927-ACA3-D7F0E0F79100}.Release.Build.0 = Release|.NET
		{C6A8355F-9A52-4E23-98C3-36F9161207A3}.Debug.ActiveCfg = Debug|.NET
		{C6A8355F-9A52-4E23-98C3-36F9161207A3}.Debug.Build.0 = Debug|.NET
		{C6A8355F-9A52-4E23-98C3-36F9161207A3}.Release.ActiveCfg = Release|.NET
		{C6A8355F-9A52-4E23-98C3-36F9161207A3}.Release.Build.0 = Release|.NET
	EndGlobalSection
	GlobalSection(ExtensibilityGlobals) = postSolution
	EndGlobalSection
	GlobalSection(ExtensibilityAddIns) = postSolution
	EndGlobalSection
EndGlobal
