
Microsoft Visual Studio Solution File, Format Version 9.00
# Visual Studio 2005
Project("{FAE04EC0-301F-11D3-BF4B-00C04F79EFBC}") = "MgCooker", "MgCooker.csproj", "{C76FFEBF-F047-4BE8-983C-BF8BF3CFB3D9}"
EndProject
Project("{FAE04EC0-301F-11D3-BF4B-00C04F79EFBC}") = "OSGeo.MapGuide.MaestroAPI", "..\MaestroAPI\OSGeo.MapGuide.MaestroAPI.csproj", "{290B027E-3649-4A60-A9BF-0544831435E2}"
EndProject
Global
	GlobalSection(SolutionConfigurationPlatforms) = preSolution
		Debug|Any CPU = Debug|Any CPU
		Release|Any CPU = Release|Any CPU
	EndGlobalSection
	GlobalSection(ProjectConfigurationPlatforms) = postSolution
		{C76FFEBF-F047-4BE8-983C-BF8BF3CFB3D9}.Debug|Any CPU.ActiveCfg = Debug|Any CPU
		{C76FFEBF-F047-4BE8-983C-BF8BF3CFB3D9}.Debug|Any CPU.Build.0 = Debug|Any CPU
		{C76FFEBF-F047-4BE8-983C-BF8BF3CFB3D9}.Release|Any CPU.ActiveCfg = Release|Any CPU
		{C76FFEBF-F047-4BE8-983C-BF8BF3CFB3D9}.Release|Any CPU.Build.0 = Release|Any CPU
		{290B027E-3649-4A60-A9BF-0544831435E2}.Debug|Any CPU.ActiveCfg = Debug|Any CPU
		{290B027E-3649-4A60-A9BF-0544831435E2}.Debug|Any CPU.Build.0 = Debug|Any CPU
		{290B027E-3649-4A60-A9BF-0544831435E2}.Release|Any CPU.ActiveCfg = Release|Any CPU
		{290B027E-3649-4A60-A9BF-0544831435E2}.Release|Any CPU.Build.0 = Release|Any CPU
	EndGlobalSection
	GlobalSection(SolutionProperties) = preSolution
		HideSolutionNode = FALSE
	EndGlobalSection
EndGlobal
