
Microsoft Visual Studio Solution File, Format Version 11.00
# Visual Studio 2010
Project("{FAE04EC0-301F-11D3-BF4B-00C04F79EFBC}") = "DrawMap", "DrawMap\DrawMap.csproj", "{30EA9CAC-7DFA-4434-87F4-0AB226F2D305}"
EndProject
Project("{FAE04EC0-301F-11D3-BF4B-00C04F79EFBC}") = "QueryFeatureSource", "QueryFeatureSource\QueryFeatureSource.csproj", "{7C572B2A-5E77-4AB4-B8AD-1172D3E725EC}"
EndProject
Project("{FAE04EC0-301F-11D3-BF4B-00C04F79EFBC}") = "SchemaViewer", "SchemaViewer\SchemaViewer.csproj", "{6105DB0C-65F5-47DF-B3AE-36A430EC16E0}"
EndProject
Project("{FAE04EC0-301F-11D3-BF4B-00C04F79EFBC}") = "DwfInspector", "DwfInspector\DwfInspector.csproj", "{F568A956-4D93-46DF-856A-01883CA61CBB}"
EndProject
Project("{FAE04EC0-301F-11D3-BF4B-00C04F79EFBC}") = "StandaloneWebLayoutEditor", "StandaloneWebLayoutEditor\StandaloneWebLayoutEditor.csproj", "{6C2F72BB-7B46-4D82-99AC-31A5840A869D}"
EndProject
Project("{FAE04EC0-301F-11D3-BF4B-00C04F79EFBC}") = "MapViewer", "MapViewer\MapViewer.csproj", "{19E838BC-A875-424A-A272-34380D862643}"
EndProject
Project("{FAE04EC0-301F-11D3-BF4B-00C04F79EFBC}") = "HelloAddIn", "HelloAddIn\HelloAddIn.csproj", "{14855B2E-56F6-48C9-B982-E2A8CE29DECC}"
EndProject
Global
	GlobalSection(SolutionConfigurationPlatforms) = preSolution
		Debug|Any CPU = Debug|Any CPU
		Release|Any CPU = Release|Any CPU
	EndGlobalSection
	GlobalSection(ProjectConfigurationPlatforms) = postSolution
		{30EA9CAC-7DFA-4434-87F4-0AB226F2D305}.Debug|Any CPU.ActiveCfg = Debug|Any CPU
		{30EA9CAC-7DFA-4434-87F4-0AB226F2D305}.Debug|Any CPU.Build.0 = Debug|Any CPU
		{30EA9CAC-7DFA-4434-87F4-0AB226F2D305}.Release|Any CPU.ActiveCfg = Release|Any CPU
		{30EA9CAC-7DFA-4434-87F4-0AB226F2D305}.Release|Any CPU.Build.0 = Release|Any CPU
		{7C572B2A-5E77-4AB4-B8AD-1172D3E725EC}.Debug|Any CPU.ActiveCfg = Debug|Any CPU
		{7C572B2A-5E77-4AB4-B8AD-1172D3E725EC}.Debug|Any CPU.Build.0 = Debug|Any CPU
		{7C572B2A-5E77-4AB4-B8AD-1172D3E725EC}.Release|Any CPU.ActiveCfg = Release|Any CPU
		{7C572B2A-5E77-4AB4-B8AD-1172D3E725EC}.Release|Any CPU.Build.0 = Release|Any CPU
		{6105DB0C-65F5-47DF-B3AE-36A430EC16E0}.Debug|Any CPU.ActiveCfg = Debug|Any CPU
		{6105DB0C-65F5-47DF-B3AE-36A430EC16E0}.Debug|Any CPU.Build.0 = Debug|Any CPU
		{6105DB0C-65F5-47DF-B3AE-36A430EC16E0}.Release|Any CPU.ActiveCfg = Release|Any CPU
		{6105DB0C-65F5-47DF-B3AE-36A430EC16E0}.Release|Any CPU.Build.0 = Release|Any CPU
		{F568A956-4D93-46DF-856A-01883CA61CBB}.Debug|Any CPU.ActiveCfg = Debug|Any CPU
		{F568A956-4D93-46DF-856A-01883CA61CBB}.Debug|Any CPU.Build.0 = Debug|Any CPU
		{F568A956-4D93-46DF-856A-01883CA61CBB}.Release|Any CPU.ActiveCfg = Release|Any CPU
		{F568A956-4D93-46DF-856A-01883CA61CBB}.Release|Any CPU.Build.0 = Release|Any CPU
		{6C2F72BB-7B46-4D82-99AC-31A5840A869D}.Debug|Any CPU.ActiveCfg = Debug|Any CPU
		{6C2F72BB-7B46-4D82-99AC-31A5840A869D}.Debug|Any CPU.Build.0 = Debug|Any CPU
		{6C2F72BB-7B46-4D82-99AC-31A5840A869D}.Release|Any CPU.ActiveCfg = Release|Any CPU
		{6C2F72BB-7B46-4D82-99AC-31A5840A869D}.Release|Any CPU.Build.0 = Release|Any CPU
		{19E838BC-A875-424A-A272-34380D862643}.Debug|Any CPU.ActiveCfg = Debug|x86
		{19E838BC-A875-424A-A272-34380D862643}.Debug|Any CPU.Build.0 = Debug|x86
		{19E838BC-A875-424A-A272-34380D862643}.Release|Any CPU.ActiveCfg = Release|x86
		{19E838BC-A875-424A-A272-34380D862643}.Release|Any CPU.Build.0 = Release|x86
		{14855B2E-56F6-48C9-B982-E2A8CE29DECC}.Debug|Any CPU.ActiveCfg = Debug|Any CPU
		{14855B2E-56F6-48C9-B982-E2A8CE29DECC}.Debug|Any CPU.Build.0 = Debug|Any CPU
		{14855B2E-56F6-48C9-B982-E2A8CE29DECC}.Release|Any CPU.ActiveCfg = Release|Any CPU
		{14855B2E-56F6-48C9-B982-E2A8CE29DECC}.Release|Any CPU.Build.0 = Release|Any CPU
	EndGlobalSection
	GlobalSection(SolutionProperties) = preSolution
		HideSolutionNode = FALSE
	EndGlobalSection
EndGlobal
